alabaster==1.0.0
babel==2.18.0
certifi==2026.7.22
charset-normalizer==3.5.1
docutils==0.22.4
idna==3.19
imagesize==2.0.1
Jinja2==3.1.6
MarkupSafe==3.0.3
npdoc_to_md==2.0.1
numpydoc==1.10.0
packaging==26.3
pip==23.2.1
Pygments==2.21.0
requests==2.34.2
roman-numerals==4.1.0
setuptools==68.2.0
snowballstemmer==3.1.1
Sphinx==9.0.4
sphinxcontrib-applehelp==2.0.0
sphinxcontrib-devhelp==2.0.0
sphinxcontrib-htmlhelp==2.1.0
sphinxcontrib-jsmath==1.0.1
sphinxcontrib-qthelp==2.0.0
sphinxcontrib-serializinghtml==2.0.0
urllib3==2.7.0
wheel==0.41.2
